// !$*UTF8*$!
{
	archiveVersion = 1;
	classes = {
	};
	objectVersion = 50;
	objects = {

/* Begin PBXBuildFile section */
		F501AE9B24A5A0B70087DB1C /* AppDelegate.swift in Sources */ = {isa = PBXBuildFile; fileRef = F501AE9A24A5A0B70087DB1C /* AppDelegate.swift */; };
		F501AE9D24A5A0B70087DB1C /* SceneDelegate.swift in Sources */ = {isa = PBXBuildFile; fileRef = F501AE9C24A5A0B70087DB1C /* SceneDelegate.swift */; };
		F501AE9F24A5A0B70087DB1C /* ViewController.swift in Sources */ = {isa = PBXBuildFile; fileRef = F501AE9E24A5A0B70087DB1C /* ViewController.swift */; };
		F501AEA224A5A0B70087DB1C /* Main.storyboard in Resources */ = {isa = PBXBuildFile; fileRef = F501AEA024A5A0B70087DB1C /* Main.storyboard */; };
		F501AEA424A5A0B90087DB1C /* Assets.xcassets in Resources */ = {isa = PBXBuildFile; fileRef = F501AEA324A5A0B90087DB1C /* Assets.xcassets */; };
		F501AEA724A5A0B90087DB1C /* LaunchScreen.storyboard in Resources */ = {isa = PBXBuildFile; fileRef = F501AEA524A5A0B90087DB1C /* LaunchScreen.storyboard */; };
/* End PBXBuildFile section */

/* Begin PBXFileReference section */
		F501AE9724A5A0B70087DB1C /* Calculator.app */ = {isa = PBXFileReference; explicitFileType = wrapper.application; includeInIndex = 0; path = Calculator.app; sourceTree = BUILT_PRODUCTS_DIR; };
		F501AE9A24A5A0B70087DB1C /* AppDelegate.swift */ = {isa = PBXFileReference; lastKnownFileType = sourcecode.swift; path = AppDelegate.swift; sourceTree = "<group>"; };
		F501AE9C24A5A0B70087DB1C /* SceneDelegate.swift */ = {isa = PBXFileReference; lastKnownFileType = sourcecode.swift; path = SceneDelegate.swift; sourceTree = "<group>"; };
		F501AE9E24A5A0B70087DB1C /* ViewController.swift */ = {isa = PBXFileReference; lastKnownFileType = sourcecode.swift; path = ViewController.swift; sourceTree = "<group>"; };
		F501AEA124A5A0B70087DB1C /* Base */ = {isa = PBXFileReference; lastKnownFileType = file.storyboard; name = Base; path = Base.lproj/Main.storyboard; sourceTree = "<group>"; };
		F501AEA324A5A0B90087DB1C /* Assets.xcassets */ = {isa = PBXFileReference; lastKnownFileType = folder.assetcatalog; path = Assets.xcassets; sourceTree = "<group>"; };
		F501AEA624A5A0B90087DB1C /* Base */ = {isa = PBXFileReference; lastKnownFileType = file.storyboard; name = Base; path = Base.lproj/LaunchScreen.storyboard; sourceTree = "<group>"; };
		F501AEA824A5A0B90087DB1C /* Info.plist */ = {isa = PBXFileReference; lastKnownFileType = text.plist.xml; path = Info.plist; sourceTree = "<group>"; };
/* End PBXFileReference section */

/* Begin PBXFrameworksBuildPhase section */
		F501AE9424A5A0B70087DB1C /* Frameworks */ = {
			isa = PBXFrameworksBuildPhase;
			buildActionMask = 2147483647;
			files = (
			);
			runOnlyForDeploymentPostprocessing = 0;
		};
/* End PBXFrameworksBuildPhase section */

/* Begin PBXGroup section */
		F501AE8E24A5A0B70087DB1C = {
			isa = PBXGroup;
			children = (
				F501AE9924A5A0B70087DB1C /* Calculator */,
				F501AE9824A5A0B70087DB1C /* Products */,
			);
			sourceTree = "<group>";
		};
		F501AE9824A5A0B70087DB1C /* Products */ = {
			isa = PBXGroup;
			children = (
				F501AE9724A5A0B70087DB1C /* Calculator.app */,
			);
			name = Products;
			sourceTree = "<group>";
		};
		F501AE9924A5A0B70087DB1C /* Calculator */ = {
			isa = PBXGroup;
			children = (
				F501AE9A24A5A0B70087DB1C /* AppDelegate.swift */,
				F501AE9C24A5A0B70087DB1C /* SceneDelegate.swift */,
				F501AE9E24A5A0B70087DB1C /* ViewController.swift */,
				F501AEA024A5A0B70087DB1C /* Main.storyboard */,
				F501AEA324A5A0B90087DB1C /* Assets.xcassets */,
				F501AEA524A5A0B90087DB1C /* LaunchScreen.storyboard */,
				F501AEA824A5A0B90087DB1C /* Info.plist */,
			);
			path = Calculator;
			sourceTree = "<group>";
		};
/* End PBXGroup section */

/* Begin PBXNativeTarget section */
		F501AE9624A5A0B70087DB1C /* Calculator */ = {
			isa = PBXNativeTarget;
			buildConfigurationList = F501AEAB24A5A0B90087DB1C /* Build configuration list for PBXNativeTarget "Calculator" */;
			buildPhases = (
				F501AE9324A5A0B70087DB1C /* Sources */,
				F501AE9424A5A0B70087DB1C /* Frameworks */,
				F501AE9524A5A0B70087DB1C /* Resources */,
			);
			buildRules = (
			);
			dependencies = (
			);
			name = Calculator;
			productName = Calculator;
			productReference = F501AE9724A5A0B70087DB1C /* Calculator.app */;
			productType = "com.apple.product-type.application";
		};
/* End PBXNativeTarget section */

/* Begin PBXProject section */
		F501AE8F24A5A0B70087DB1C /* Project object */ = {
			isa = PBXProject;
			attributes = {
				LastSwiftUpdateCheck = 1150;
				LastUpgradeCheck = 1150;
				ORGANIZATIONNAME = Codejo.io;
				TargetAttributes = {
					F501AE9624A5A0B70087DB1C = {
						CreatedOnToolsVersion = 11.5;
					};
				};
			};
			buildConfigurationList = F501AE9224A5A0B70087DB1C /* Build configuration list for PBXProject "Calculator" */;
			compatibilityVersion = "Xcode 9.3";
			developmentRegion = en;
			hasScannedForEncodings = 0;
			knownRegions = (
				en,
				Base,
			);
			mainGroup = F501AE8E24A5A0B70087DB1C;
			productRefGroup = F501AE9824A5A0B70087DB1C /* Products */;
			projectDirPath = "";
			projectRoot = "";
			targets = (
				F501AE9624A5A0B70087DB1C /* Calculator */,
			);
		};
/* End PBXProject section */

/* Begin PBXResourcesBuildPhase section */
		F501AE9524A5A0B70087DB1C /* Resources */ = {
			isa = PBXResourcesBuildPhase;
			buildActionMask = 2147483647;
			files = (
				F501AEA724A5A0B90087DB1C /* LaunchScreen.storyboard in Resources */,
				F501AEA424A5A0B90087DB1C /* Assets.xcassets in Resources */,
				F501AEA224A5A0B70087DB1C /* Main.storyboard in Resources */,
			);
			runOnlyForDeploymentPostprocessing = 0;
		};
/* End PBXResourcesBuildPhase section */

/* Begin PBXSourcesBuildPhase section */
		F501AE9324A5A0B70087DB1C /* Sources */ = {
			isa = PBXSourcesBuildPhase;
			buildActionMask = 2147483647;
			files = (
				F501AE9F24A5A0B70087DB1C /* ViewController.swift in Sources */,
				F501AE9B24A5A0B70087DB1C /* AppDelegate.swift in Sources */,
				F501AE9D24A5A0B70087DB1C /* SceneDelegate.swift in Sources */,
			);
			runOnlyForDeploymentPostprocessing = 0;
		};
/* End PBXSourcesBuildPhase section */

/* Begin PBXVariantGroup section */
		F501AEA024A5A0B70087DB1C /* Main.storyboard */ = {
			isa = PBXVariantGroup;
			children = (
				F501AEA124A5A0B70087DB1C /* Base */,
			);
			name = Main.storyboard;
			sourceTree = "<group>";
		};
		F501AEA524A5A0B90087DB1C /* LaunchScreen.storyboard */ = {
			isa = PBXVariantGroup;
			children = (
				F501AEA624A5A0B90087DB1C /* Base */,
			);
			name = LaunchScreen.storyboard;
			sourceTree = "<group>";
		};
/* End PBXVariantGroup section */

/* Begin XCBuildConfiguration section */
		F501AEA924A5A0B90087DB1C /* Debug */ = {
			isa = XCBuildConfiguration;
			buildSettings = {
				ALWAYS_SEARCH_USER_PATHS = NO;
				CLANG_ANALYZER_NONNULL = YES;
				CLANG_ANALYZER_NUMBER_OBJECT_CONVERSION = YES_AGGRESSIVE;
				CLANG_CXX_LANGUAGE_STANDARD = "gnu++14";
				CLANG_CXX_LIBRARY = "libc++";
				CLANG_ENABLE_MODULES = YES;
				CLANG_ENABLE_OBJC_ARC = YES;
				CLANG_ENABLE_OBJC_WEAK = YES;
				CLANG_WARN_BLOCK_CAPTURE_AUTORELEASING = YES;
				CLANG_WARN_BOOL_CONVERSION = YES;
				CLANG_WARN_COMMA = YES;
				CLANG_WARN_CONSTANT_CONVERSION = YES;
				CLANG_WARN_DEPRECATED_OBJC_IMPLEMENTATIONS = YES;
				CLANG_WARN_DIRECT_OBJC_ISA_USAGE = YES_ERROR;
				CLANG_WARN_DOCUMENTATION_COMMENTS = YES;
				CLANG_WARN_EMPTY_BODY = YES;
				CLANG_WARN_ENUM_CONVERSION = YES;
				CLANG_WARN_INFINITE_RECURSION = YES;
				CLANG_WARN_INT_CONVERSION = YES;
				CLANG_WARN_NON_LITERAL_NULL_CONVERSION = YES;
				CLANG_WARN_OBJC_IMPLICIT_RETAIN_SELF = YES;
				CLANG_WARN_OBJC_LITERAL_CONVERSION = YES;
				CLANG_WARN_OBJC_ROOT_CLASS = YES_ERROR;
				CLANG_WARN_RANGE_LOOP_ANALYSIS = YES;
				CLANG_WARN_STRICT_PROTOTYPES = YES;
				CLANG_WARN_SUSPICIOUS_MOVE = YES;
				CLANG_WARN_UNGUARDED_AVAILABILITY = YES_AGGRESSIVE;
				CLANG_WARN_UNREACHABLE_CODE = YES;
				CLANG_WARN__DUPLICATE_METHOD_MATCH = YES;
				COPY_PHASE_STRIP = NO;
				DEBUG_INFORMATION_FORMAT = dwarf;
				ENABLE_STRICT_OBJC_MSGSEND = YES;
				ENABLE_TESTABILITY = YES;
				GCC_C_LANGUAGE_STANDARD = gnu11;
				GCC_DYNAMIC_NO_PIC = NO;
				GCC_NO_COMMON_BLOCKS = YES;
				GCC_OPTIMIZATION_LEVEL = 0;
				GCC_PREPROCESSOR_DEFINITIONS = (
					"DEBUG=1",
					"$(inherited)",
				);
				GCC_WARN_64_TO_32_BIT_CONVERSION = YES;
				GCC_WARN_ABOUT_RETURN_TYPE = YES_ERROR;
				GCC_WARN_UNDECLARED_SELECTOR = YES;
				GCC_WARN_UNINITIALIZED_AUTOS = YES_AGGRESSIVE;
				GCC_WARN_UNUSED_FUNCTION = YES;
				GCC_WARN_UNUSED_VARIABLE = YES;
				IPHONEOS_DEPLOYMENT_TARGET = 13.5;
				MTL_ENABLE_DEBUG_INFO = INCLUDE_SOURCE;
				MTL_FAST_MATH = YES;
				ONLY_ACTIVE_ARCH = YES;
				SDKROOT = iphoneos;
				SWIFT_ACTIVE_COMPILATION_CONDITIONS = DEBUG;
				SWIFT_OPTIMIZATION_LEVEL = "-Onone";
			};
			name = Debug;
		};
		F501AEAA24A5A0B90087DB1C /* Release */ = {
			isa = XCBuildConfiguration;
			buildSettings = {
				ALWAYS_SEARCH_USER_PATHS = NO;
				CLANG_ANALYZER_NONNULL = YES;
				CLANG_ANALYZER_NUMBER_OBJECT_CONVERSION = YES_AGGRESSIVE;
				CLANG_CXX_LANGUAGE_STANDARD = "gnu++14";
				CLANG_CXX_LIBRARY = "libc++";
				CLANG_ENABLE_MODULES = YES;
				CLANG_ENABLE_OBJC_ARC = YES;
				CLANG_ENABLE_OBJC_WEAK = YES;
				CLANG_WARN_BLOCK_CAPTURE_AUTORELEASING = YES;
				CLANG_WARN_BOOL_CONVERSION = YES;
				CLANG_WARN_COMMA = YES;
				CLANG_WARN_CONSTANT_CONVERSION = YES;
				CLANG_WARN_DEPRECATED_OBJC_IMPLEMENTATIONS = YES;
				CLANG_WARN_DIRECT_OBJC_ISA_USAGE = YES_ERROR;
				CLANG_WARN_DOCUMENTATION_COMMENTS = YES;
				CLANG_WARN_EMPTY_BODY = YES;
				CLANG_WARN_ENUM_CONVERSION = YES;
				CLANG_WARN_INFINITE_RECURSION = YES;
				CLANG_WARN_INT_CONVERSION = YES;
				CLANG_WARN_NON_LITERAL_NULL_CONVERSION = YES;
				CLANG_WARN_OBJC_IMPLICIT_RETAIN_SELF = YES;
				CLANG_WARN_OBJC_LITERAL_CONVERSION = YES;
				CLANG_WARN_OBJC_ROOT_CLASS = YES_ERROR;
				CLANG_WARN_RANGE_LOOP_ANALYSIS = YES;
				CLANG_WARN_STRICT_PROTOTYPES = YES;
				CLANG_WARN_SUSPICIOUS_MOVE = YES;
				CLANG_WARN_UNGUARDED_AVAILABILITY = YES_AGGRESSIVE;
				CLANG_WARN_UNREACHABLE_CODE = YES;
				CLANG_WARN__DUPLICATE_METHOD_MATCH = YES;
				COPY_PHASE_STRIP = NO;
				DEBUG_INFORMATION_FORMAT = "dwarf-with-dsym";
				ENABLE_NS_ASSERTIONS = NO;
				ENABLE_STRICT_OBJC_MSGSEND = YES;
				GCC_C_LANGUAGE_STANDARD = gnu11;
				GCC_NO_COMMON_BLOCKS = YES;
				GCC_WARN_64_TO_32_BIT_CONVERSION = YES;
				GCC_WARN_ABOUT_RETURN_TYPE = YES_ERROR;
				GCC_WARN_UNDECLARED_SELECTOR = YES;
				GCC_WARN_UNINITIALIZED_AUTOS = YES_AGGRESSIVE;
				GCC_WARN_UNUSED_FUNCTION = YES;
				GCC_WARN_UNUSED_VARIABLE = YES;
				IPHONEOS_DEPLOYMENT_TARGET = 13.5;
				MTL_ENABLE_DEBUG_INFO = NO;
				MTL_FAST_MATH = YES;
				SDKROOT = iphoneos;
				SWIFT_COMPILATION_MODE = wholemodule;
				SWIFT_OPTIMIZATION_LEVEL = "-O";
				VALIDATE_PRODUCT = YES;
			};
			name = Release;
		};
		F501AEAC24A5A0B90087DB1C /* Debug */ = {
			isa = XCBuildConfiguration;
			buildSettings = {
				ASSETCATALOG_COMPILER_APPICON_NAME = AppIcon;
				CODE_SIGN_STYLE = Automatic;
				DEVELOPMENT_TEAM = QV29J79HW7;
				INFOPLIST_FILE = Calculator/Info.plist;
				LD_RUNPATH_SEARCH_PATHS = (
					"$(inherited)",
					"@executable_path/Frameworks",
				);
				PRODUCT_BUNDLE_IDENTIFIER = io.codejo.Calculator;
				PRODUCT_NAME = "$(TARGET_NAME)";
				SWIFT_VERSION = 5.0;
				TARGETED_DEVICE_FAMILY = "1,2";
			};
			name = Debug;
		};
		F501AEAD24A5A0B90087DB1C /* Release */ = {
			isa = XCBuildConfiguration;
			buildSettings = {
				ASSETCATALOG_COMPILER_APPICON_NAME = AppIcon;
				CODE_SIGN_STYLE = Automatic;
				DEVELOPMENT_TEAM = QV29J79HW7;
				INFOPLIST_FILE = Calculator/Info.plist;
				LD_RUNPATH_SEARCH_PATHS = (
					"$(inherited)",
					"@executable_path/Frameworks",
				);
				PRODUCT_BUNDLE_IDENTIFIER = io.codejo.Calculator;
				PRODUCT_NAME = "$(TARGET_NAME)";
				SWIFT_VERSION = 5.0;
				TARGETED_DEVICE_FAMILY = "1,2";
			};
			name = Release;
		};
/* End XCBuildConfiguration section */

/* Begin XCConfigurationList section */
		F501AE9224A5A0B70087DB1C /* Build configuration list for PBXProject "Calculator" */ = {
			isa = XCConfigurationList;
			buildConfigurations = (
				F501AEA924A5A0B90087DB1C /* Debug */,
				F501AEAA24A5A0B90087DB1C /* Release */,
			);
			defaultConfigurationIsVisible = 0;
			defaultConfigurationName = Release;
		};
		F501AEAB24A5A0B90087DB1C /* Build configuration list for PBXNativeTarget "Calculator" */ = {
			isa = XCConfigurationList;
			buildConfigurations = (
				F501AEAC24A5A0B90087DB1C /* Debug */,
				F501AEAD24A5A0B90087DB1C /* Release */,
			);
			defaultConfigurationIsVisible = 0;
			defaultConfigurationName = Release;
		};
/* End XCConfigurationList section */
	};
	rootObject = F501AE8F24A5A0B70087DB1C /* Project object */;
}
